
Microsoft Visual Studio Solution File, Format Version 12.00
# Visual Studio Version 17
VisualStudioVersion = 17.0.31903.59
MinimumVisualStudioVersion = 10.0.40219.1
Project("{2150E333-8FDC-42A3-9474-1A3956D46DE8}") = "source", "source", "{A0D3D0E2-E9C9-4578-9E2E-DE9602EF4A44}"
EndProject
Project("{2150E333-8FDC-42A3-9474-1A3956D46DE8}") = "Solution Items", "Solution Items", "{74C70CFF-5144-4E47-9AE3-8728567F8C92}"
	ProjectSection(SolutionItems) = preProject
		.editorconfig = .editorconfig
	EndProjectSection
EndProject
Project("{9A19103F-16F7-4668-BE54-9A1E7A4F7556}") = "LvStreamStore", "source\LvStreamStore\LvStreamStore.csproj", "{51BD3021-68F6-4995-83FC-80FE474D5975}"
EndProject
Project("{2150E333-8FDC-42A3-9474-1A3956D46DE8}") = "tests", "tests", "{90F6921D-000F-413A-B1BA-74BA90C49BF5}"
EndProject
Project("{9A19103F-16F7-4668-BE54-9A1E7A4F7556}") = "LvStreamStore.Tests", "tests\LvStreamStore.Tests\LvStreamStore.Tests.csproj", "{29BF77DD-9CA9-41BF-B3E7-355F6EF7FAE2}"
EndProject
Project("{9A19103F-16F7-4668-BE54-9A1E7A4F7556}") = "LvStreamStore.LocalStorage", "source\LvStreamStore.LocalStorage\LvStreamStore.LocalStorage.csproj", "{D46605A2-1F7D-401C-81B1-70354963E773}"
EndProject
Project("{9A19103F-16F7-4668-BE54-9A1E7A4F7556}") = "LvStreamStore.LocalStorage.Tests", "tests\LvStreamStore.LocalStorage.Tests\LvStreamStore.LocalStorage.Tests.csproj", "{DD306BC0-07FC-400D-A185-7D8B84963200}"
EndProject
Project("{2150E333-8FDC-42A3-9474-1A3956D46DE8}") = "samples", "samples", "{8C830C28-6721-483E-AC09-D07D648B9583}"
EndProject
Project("{9A19103F-16F7-4668-BE54-9A1E7A4F7556}") = "MvcHost", "samples\MvcHost\MvcHost.csproj", "{1F83460F-0607-43AF-B896-B8336FA9B19B}"
EndProject
Project("{9A19103F-16F7-4668-BE54-9A1E7A4F7556}") = "ConsoleHost", "samples\ConsoleHost\ConsoleHost.csproj", "{44B74CF5-55A1-4CB3-B2AA-AE11019344B9}"
EndProject
Project("{9A19103F-16F7-4668-BE54-9A1E7A4F7556}") = "LvStreamStore.Test", "tests\LvStreamStore.Test\LvStreamStore.Test.csproj", "{6807F7F9-42D6-406E-9750-FEB8669F25AB}"
EndProject
Project("{9A19103F-16F7-4668-BE54-9A1E7A4F7556}") = "LvStreamStore.ApplicationToolkit", "source\LvStreamStore.ApplicationToolkit\LvStreamStore.ApplicationToolkit.csproj", "{8E62DF65-AE47-4F69-B04D-F29BB57E02E6}"
EndProject
Project("{9A19103F-16F7-4668-BE54-9A1E7A4F7556}") = "LvStreamStore.AspNetCore.ApplicationToolkit", "source\LvStreamStore.AspNetCore.ApplicationToolkit\LvStreamStore.AspNetCore.ApplicationToolkit.csproj", "{7FE77AA3-1E83-4BD2-A8BF-895FFB8ABBE3}"
EndProject
Project("{9A19103F-16F7-4668-BE54-9A1E7A4F7556}") = "LvStreamStore.ApplicationToolkit.Tests", "tests\LvStreamStore.ApplicationToolkit.Tests\LvStreamStore.ApplicationToolkit.Tests.csproj", "{664F55AE-EBA6-4F0C-8200-B164AD170187}"
EndProject
Project("{9A19103F-16F7-4668-BE54-9A1E7A4F7556}") = "BusinessDomain", "samples\BusinessDomain\BusinessDomain.csproj", "{3E4E77D6-BEB2-418F-8C91-C94B480F7139}"
EndProject
Project("{FAE04EC0-301F-11D3-BF4B-00C04F79EFBC}") = "LvStreamStore.Authentication", "source\LvStreamStore.Authentication\LvStreamStore.Authentication.csproj", "{43DCDB67-AD31-465E-982F-4C70BC3D90B3}"
EndProject
Project("{FAE04EC0-301F-11D3-BF4B-00C04F79EFBC}") = "LvStreamStore.Authentication.Tests", "tests\LvStreamStore.Authentication.Tests\LvStreamStore.Authentication.Tests.csproj", "{1E719BDC-6AAB-4C42-92B6-A4BC303A975B}"
EndProject
Global
	GlobalSection(SolutionConfigurationPlatforms) = preSolution
		Debug|Any CPU = Debug|Any CPU
		Release|Any CPU = Release|Any CPU
	EndGlobalSection
	GlobalSection(ProjectConfigurationPlatforms) = postSolution
		{51BD3021-68F6-4995-83FC-80FE474D5975}.Debug|Any CPU.ActiveCfg = Debug|Any CPU
		{51BD3021-68F6-4995-83FC-80FE474D5975}.Debug|Any CPU.Build.0 = Debug|Any CPU
		{51BD3021-68F6-4995-83FC-80FE474D5975}.Release|Any CPU.ActiveCfg = Release|Any CPU
		{51BD3021-68F6-4995-83FC-80FE474D5975}.Release|Any CPU.Build.0 = Release|Any CPU
		{29BF77DD-9CA9-41BF-B3E7-355F6EF7FAE2}.Debug|Any CPU.ActiveCfg = Debug|Any CPU
		{29BF77DD-9CA9-41BF-B3E7-355F6EF7FAE2}.Debug|Any CPU.Build.0 = Debug|Any CPU
		{29BF77DD-9CA9-41BF-B3E7-355F6EF7FAE2}.Release|Any CPU.ActiveCfg = Release|Any CPU
		{29BF77DD-9CA9-41BF-B3E7-355F6EF7FAE2}.Release|Any CPU.Build.0 = Release|Any CPU
		{D46605A2-1F7D-401C-81B1-70354963E773}.Debug|Any CPU.ActiveCfg = Debug|Any CPU
		{D46605A2-1F7D-401C-81B1-70354963E773}.Debug|Any CPU.Build.0 = Debug|Any CPU
		{D46605A2-1F7D-401C-81B1-70354963E773}.Release|Any CPU.ActiveCfg = Release|Any CPU
		{D46605A2-1F7D-401C-81B1-70354963E773}.Release|Any CPU.Build.0 = Release|Any CPU
		{DD306BC0-07FC-400D-A185-7D8B84963200}.Debug|Any CPU.ActiveCfg = Debug|Any CPU
		{DD306BC0-07FC-400D-A185-7D8B84963200}.Debug|Any CPU.Build.0 = Debug|Any CPU
		{DD306BC0-07FC-400D-A185-7D8B84963200}.Release|Any CPU.ActiveCfg = Release|Any CPU
		{DD306BC0-07FC-400D-A185-7D8B84963200}.Release|Any CPU.Build.0 = Release|Any CPU
		{1F83460F-0607-43AF-B896-B8336FA9B19B}.Debug|Any CPU.ActiveCfg = Debug|Any CPU
		{1F83460F-0607-43AF-B896-B8336FA9B19B}.Debug|Any CPU.Build.0 = Debug|Any CPU
		{1F83460F-0607-43AF-B896-B8336FA9B19B}.Release|Any CPU.ActiveCfg = Release|Any CPU
		{1F83460F-0607-43AF-B896-B8336FA9B19B}.Release|Any CPU.Build.0 = Release|Any CPU
		{44B74CF5-55A1-4CB3-B2AA-AE11019344B9}.Debug|Any CPU.ActiveCfg = Debug|Any CPU
		{44B74CF5-55A1-4CB3-B2AA-AE11019344B9}.Debug|Any CPU.Build.0 = Debug|Any CPU
		{44B74CF5-55A1-4CB3-B2AA-AE11019344B9}.Release|Any CPU.ActiveCfg = Release|Any CPU
		{44B74CF5-55A1-4CB3-B2AA-AE11019344B9}.Release|Any CPU.Build.0 = Release|Any CPU
		{6807F7F9-42D6-406E-9750-FEB8669F25AB}.Debug|Any CPU.ActiveCfg = Debug|Any CPU
		{6807F7F9-42D6-406E-9750-FEB8669F25AB}.Debug|Any CPU.Build.0 = Debug|Any CPU
		{6807F7F9-42D6-406E-9750-FEB8669F25AB}.Release|Any CPU.ActiveCfg = Release|Any CPU
		{6807F7F9-42D6-406E-9750-FEB8669F25AB}.Release|Any CPU.Build.0 = Release|Any CPU
		{8E62DF65-AE47-4F69-B04D-F29BB57E02E6}.Debug|Any CPU.ActiveCfg = Debug|Any CPU
		{8E62DF65-AE47-4F69-B04D-F29BB57E02E6}.Debug|Any CPU.Build.0 = Debug|Any CPU
		{8E62DF65-AE47-4F69-B04D-F29BB57E02E6}.Release|Any CPU.ActiveCfg = Release|Any CPU
		{8E62DF65-AE47-4F69-B04D-F29BB57E02E6}.Release|Any CPU.Build.0 = Release|Any CPU
		{7FE77AA3-1E83-4BD2-A8BF-895FFB8ABBE3}.Debug|Any CPU.ActiveCfg = Debug|Any CPU
		{7FE77AA3-1E83-4BD2-A8BF-895FFB8ABBE3}.Debug|Any CPU.Build.0 = Debug|Any CPU
		{7FE77AA3-1E83-4BD2-A8BF-895FFB8ABBE3}.Release|Any CPU.ActiveCfg = Release|Any CPU
		{7FE77AA3-1E83-4BD2-A8BF-895FFB8ABBE3}.Release|Any CPU.Build.0 = Release|Any CPU
		{664F55AE-EBA6-4F0C-8200-B164AD170187}.Debug|Any CPU.ActiveCfg = Debug|Any CPU
		{664F55AE-EBA6-4F0C-8200-B164AD170187}.Debug|Any CPU.Build.0 = Debug|Any CPU
		{664F55AE-EBA6-4F0C-8200-B164AD170187}.Release|Any CPU.ActiveCfg = Release|Any CPU
		{664F55AE-EBA6-4F0C-8200-B164AD170187}.Release|Any CPU.Build.0 = Release|Any CPU
		{3E4E77D6-BEB2-418F-8C91-C94B480F7139}.Debug|Any CPU.ActiveCfg = Debug|Any CPU
		{3E4E77D6-BEB2-418F-8C91-C94B480F7139}.Debug|Any CPU.Build.0 = Debug|Any CPU
		{3E4E77D6-BEB2-418F-8C91-C94B480F7139}.Release|Any CPU.ActiveCfg = Release|Any CPU
		{3E4E77D6-BEB2-418F-8C91-C94B480F7139}.Release|Any CPU.Build.0 = Release|Any CPU
		{43DCDB67-AD31-465E-982F-4C70BC3D90B3}.Debug|Any CPU.ActiveCfg = Debug|Any CPU
		{43DCDB67-AD31-465E-982F-4C70BC3D90B3}.Debug|Any CPU.Build.0 = Debug|Any CPU
		{43DCDB67-AD31-465E-982F-4C70BC3D90B3}.Release|Any CPU.ActiveCfg = Release|Any CPU
		{43DCDB67-AD31-465E-982F-4C70BC3D90B3}.Release|Any CPU.Build.0 = Release|Any CPU
		{1E719BDC-6AAB-4C42-92B6-A4BC303A975B}.Debug|Any CPU.ActiveCfg = Debug|Any CPU
		{1E719BDC-6AAB-4C42-92B6-A4BC303A975B}.Debug|Any CPU.Build.0 = Debug|Any CPU
		{1E719BDC-6AAB-4C42-92B6-A4BC303A975B}.Release|Any CPU.ActiveCfg = Release|Any CPU
		{1E719BDC-6AAB-4C42-92B6-A4BC303A975B}.Release|Any CPU.Build.0 = Release|Any CPU
	EndGlobalSection
	GlobalSection(SolutionProperties) = preSolution
		HideSolutionNode = FALSE
	EndGlobalSection
	GlobalSection(NestedProjects) = preSolution
		{51BD3021-68F6-4995-83FC-80FE474D5975} = {A0D3D0E2-E9C9-4578-9E2E-DE9602EF4A44}
		{29BF77DD-9CA9-41BF-B3E7-355F6EF7FAE2} = {90F6921D-000F-413A-B1BA-74BA90C49BF5}
		{D46605A2-1F7D-401C-81B1-70354963E773} = {A0D3D0E2-E9C9-4578-9E2E-DE9602EF4A44}
		{DD306BC0-07FC-400D-A185-7D8B84963200} = {90F6921D-000F-413A-B1BA-74BA90C49BF5}
		{1F83460F-0607-43AF-B896-B8336FA9B19B} = {8C830C28-6721-483E-AC09-D07D648B9583}
		{44B74CF5-55A1-4CB3-B2AA-AE11019344B9} = {8C830C28-6721-483E-AC09-D07D648B9583}
		{6807F7F9-42D6-406E-9750-FEB8669F25AB} = {90F6921D-000F-413A-B1BA-74BA90C49BF5}
		{8E62DF65-AE47-4F69-B04D-F29BB57E02E6} = {A0D3D0E2-E9C9-4578-9E2E-DE9602EF4A44}
		{7FE77AA3-1E83-4BD2-A8BF-895FFB8ABBE3} = {A0D3D0E2-E9C9-4578-9E2E-DE9602EF4A44}
		{664F55AE-EBA6-4F0C-8200-B164AD170187} = {90F6921D-000F-413A-B1BA-74BA90C49BF5}
		{3E4E77D6-BEB2-418F-8C91-C94B480F7139} = {8C830C28-6721-483E-AC09-D07D648B9583}
		{43DCDB67-AD31-465E-982F-4C70BC3D90B3} = {A0D3D0E2-E9C9-4578-9E2E-DE9602EF4A44}
		{1E719BDC-6AAB-4C42-92B6-A4BC303A975B} = {90F6921D-000F-413A-B1BA-74BA90C49BF5}
	EndGlobalSection
	GlobalSection(ExtensibilityGlobals) = postSolution
		SolutionGuid = {D9574B60-4360-4BA2-90F9-98C5A7E42755}
	EndGlobalSection
EndGlobal
